<Solution>
  <Folder Name="/src/">
    <Project Path="src/Tennis.Api/Tennis.Api.csproj" />
    <Project Path="src/Tennis.Application/Tennis.Application.csproj" />
    <Project Path="src/Tennis.Domain/Tennis.Domain.csproj" />
  </Folder>
  <Folder Name="/tests/">
    <Project Path="tests/Tennis.Application.Tests/Tennis.Application.Tests.csproj" />
  </Folder>
</Solution>
